
Microsoft Visual Studio Solution File, Format Version 12.00
# Visual Studio Version 16
VisualStudioVersion = 16.0.31515.178
MinimumVisualStudioVersion = 10.0.40219.1
Project("{FAE04EC0-301F-11D3-BF4B-00C04F79EFBC}") = "DoToo.UWP", "DoToo\DoToo.UWP\DoToo.UWP.csproj", "{92CEF1EE-58F8-4B24-A8F3-9721AE5C6F1C}"
EndProject
Project("{FAE04EC0-301F-11D3-BF4B-00C04F79EFBC}") = "DoToo.Android", "DoToo\DoToo.Android\DoToo.Android.csproj", "{C83DDFD0-43D4-4063-8951-228D52679626}"
EndProject
Project("{FAE04EC0-301F-11D3-BF4B-00C04F79EFBC}") = "DoToo.iOS", "DoToo\DoToo.iOS\DoToo.iOS.csproj", "{3BBEB37D-38EF-474C-9CB2-7D1556975544}"
EndProject
Project("{FAE04EC0-301F-11D3-BF4B-00C04F79EFBC}") = "DoToo", "DoToo\DoToo\DoToo.csproj", "{81D1AFDE-DCAC-4599-AD8F-B87A69A589E6}"
EndProject
Global
	GlobalSection(SolutionConfigurationPlatforms) = preSolution
		Debug|Any CPU = Debug|Any CPU
		Debug|ARM = Debug|ARM
		Debug|iPhone = Debug|iPhone
		Debug|iPhoneSimulator = Debug|iPhoneSimulator
		Debug|x64 = Debug|x64
		Debug|x86 = Debug|x86
		Release|Any CPU = Release|Any CPU
		Release|ARM = Release|ARM
		Release|iPhone = Release|iPhone
		Release|iPhoneSimulator = Release|iPhoneSimulator
		Release|x64 = Release|x64
		Release|x86 = Release|x86
	EndGlobalSection
	GlobalSection(ProjectConfigurationPlatforms) = postSolution
		{92CEF1EE-58F8-4B24-A8F3-9721AE5C6F1C}.Debug|Any CPU.ActiveCfg = Debug|x86
		{92CEF1EE-58F8-4B24-A8F3-9721AE5C6F1C}.Debug|Any CPU.Build.0 = Debug|x86
		{92CEF1EE-58F8-4B24-A8F3-9721AE5C6F1C}.Debug|Any CPU.Deploy.0 = Debug|x86
		{92CEF1EE-58F8-4B24-A8F3-9721AE5C6F1C}.Debug|ARM.ActiveCfg = Debug|ARM
		{92CEF1EE-58F8-4B24-A8F3-9721AE5C6F1C}.Debug|ARM.Build.0 = Debug|ARM
		{92CEF1EE-58F8-4B24-A8F3-9721AE5C6F1C}.Debug|ARM.Deploy.0 = Debug|ARM
		{92CEF1EE-58F8-4B24-A8F3-9721AE5C6F1C}.Debug|iPhone.ActiveCfg = Debug|x86
		{92CEF1EE-58F8-4B24-A8F3-9721AE5C6F1C}.Debug|iPhone.Build.0 = Debug|x86
		{92CEF1EE-58F8-4B24-A8F3-9721AE5C6F1C}.Debug|iPhone.Deploy.0 = Debug|x86
		{92CEF1EE-58F8-4B24-A8F3-9721AE5C6F1C}.Debug|iPhoneSimulator.ActiveCfg = Debug|x86
		{92CEF1EE-58F8-4B24-A8F3-9721AE5C6F1C}.Debug|iPhoneSimulator.Build.0 = Debug|x86
		{92CEF1EE-58F8-4B24-A8F3-9721AE5C6F1C}.Debug|iPhoneSimulator.Deploy.0 = Debug|x86
		{92CEF1EE-58F8-4B24-A8F3-9721AE5C6F1C}.Debug|x64.ActiveCfg = Debug|x64
		{92CEF1EE-58F8-4B24-A8F3-9721AE5C6F1C}.Debug|x64.Build.0 = Debug|x64
		{92CEF1EE-58F8-4B24-A8F3-9721AE5C6F1C}.Debug|x64.Deploy.0 = Debug|x64
		{92CEF1EE-58F8-4B24-A8F3-9721AE5C6F1C}.Debug|x86.ActiveCfg = Debug|x86
		{92CEF1EE-58F8-4B24-A8F3-9721AE5C6F1C}.Debug|x86.Build.0 = Debug|x86
		{92CEF1EE-58F8-4B24-A8F3-9721AE5C6F1C}.Debug|x86.Deploy.0 = Debug|x86
		{92CEF1EE-58F8-4B24-A8F3-9721AE5C6F1C}.Release|Any CPU.ActiveCfg = Release|x86
		{92CEF1EE-58F8-4B24-A8F3-9721AE5C6F1C}.Release|Any CPU.Build.0 = Release|x86
		{92CEF1EE-58F8-4B24-A8F3-9721AE5C6F1C}.Release|Any CPU.Deploy.0 = Release|x86
		{92CEF1EE-58F8-4B24-A8F3-9721AE5C6F1C}.Release|ARM.ActiveCfg = Release|ARM
		{92CEF1EE-58F8-4B24-A8F3-9721AE5C6F1C}.Release|ARM.Build.0 = Release|ARM
		{92CEF1EE-58F8-4B24-A8F3-9721AE5C6F1C}.Release|ARM.Deploy.0 = Release|ARM
		{92CEF1EE-58F8-4B24-A8F3-9721AE5C6F1C}.Release|iPhone.ActiveCfg = Release|x86
		{92CEF1EE-58F8-4B24-A8F3-9721AE5C6F1C}.Release|iPhone.Build.0 = Release|x86
		{92CEF1EE-58F8-4B24-A8F3-9721AE5C6F1C}.Release|iPhone.Deploy.0 = Release|x86
		{92CEF1EE-58F8-4B24-A8F3-9721AE5C6F1C}.Release|iPhoneSimulator.ActiveCfg = Release|x86
		{92CEF1EE-58F8-4B24-A8F3-9721AE5C6F1C}.Release|iPhoneSimulator.Build.0 = Release|x86
		{92CEF1EE-58F8-4B24-A8F3-9721AE5C6F1C}.Release|iPhoneSimulator.Deploy.0 = Release|x86
		{92CEF1EE-58F8-4B24-A8F3-9721AE5C6F1C}.Release|x64.ActiveCfg = Release|x64
		{92CEF1EE-58F8-4B24-A8F3-9721AE5C6F1C}.Release|x64.Build.0 = Release|x64
		{92CEF1EE-58F8-4B24-A8F3-9721AE5C6F1C}.Release|x64.Deploy.0 = Release|x64
		{92CEF1EE-58F8-4B24-A8F3-9721AE5C6F1C}.Release|x86.ActiveCfg = Release|x86
		{92CEF1EE-58F8-4B24-A8F3-9721AE5C6F1C}.Release|x86.Build.0 = Release|x86
		{92CEF1EE-58F8-4B24-A8F3-9721AE5C6F1C}.Release|x86.Deploy.0 = Release|x86
		{C83DDFD0-43D4-4063-8951-228D52679626}.Debug|Any CPU.ActiveCfg = Debug|Any CPU
		{C83DDFD0-43D4-4063-8951-228D52679626}.Debug|Any CPU.Build.0 = Debug|Any CPU
		{C83DDFD0-43D4-4063-8951-228D52679626}.Debug|Any CPU.Deploy.0 = Debug|Any CPU
		{C83DDFD0-43D4-4063-8951-228D52679626}.Debug|ARM.ActiveCfg = Debug|Any CPU
		{C83DDFD0-43D4-4063-8951-228D52679626}.Debug|ARM.Build.0 = Debug|Any CPU
		{C83DDFD0-43D4-4063-8951-228D52679626}.Debug|ARM.Deploy.0 = Debug|Any CPU
		{C83DDFD0-43D4-4063-8951-228D52679626}.Debug|iPhone.ActiveCfg = Debug|Any CPU
		{C83DDFD0-43D4-4063-8951-228D52679626}.Debug|iPhone.Build.0 = Debug|Any CPU
		{C83DDFD0-43D4-4063-8951-228D52679626}.Debug|iPhone.Deploy.0 = Debug|Any CPU
		{C83DDFD0-43D4-4063-8951-228D52679626}.Debug|iPhoneSimulator.ActiveCfg = Debug|Any CPU
		{C83DDFD0-43D4-4063-8951-228D52679626}.Debug|iPhoneSimulator.Build.0 = Debug|Any CPU
		{C83DDFD0-43D4-4063-8951-228D52679626}.Debug|iPhoneSimulator.Deploy.0 = Debug|Any CPU
		{C83DDFD0-43D4-4063-8951-228D52679626}.Debug|x64.ActiveCfg = Debug|Any CPU
		{C83DDFD0-43D4-4063-8951-228D52679626}.Debug|x64.Build.0 = Debug|Any CPU
		{C83DDFD0-43D4-4063-8951-228D52679626}.Debug|x64.Deploy.0 = Debug|Any CPU
		{C83DDFD0-43D4-4063-8951-228D52679626}.Debug|x86.ActiveCfg = Debug|Any CPU
		{C83DDFD0-43D4-4063-8951-228D52679626}.Debug|x86.Build.0 = Debug|Any CPU
		{C83DDFD0-43D4-4063-8951-228D52679626}.Debug|x86.Deploy.0 = Debug|Any CPU
		{C83DDFD0-43D4-4063-8951-228D52679626}.Release|Any CPU.ActiveCfg = Release|Any CPU
		{C83DDFD0-43D4-4063-8951-228D52679626}.Release|Any CPU.Build.0 = Release|Any CPU
		{C83DDFD0-43D4-4063-8951-228D52679626}.Release|Any CPU.Deploy.0 = Release|Any CPU
		{C83DDFD0-43D4-4063-8951-228D52679626}.Release|ARM.ActiveCfg = Release|Any CPU
		{C83DDFD0-43D4-4063-8951-228D52679626}.Release|ARM.Build.0 = Release|Any CPU
		{C83DDFD0-43D4-4063-8951-228D52679626}.Release|ARM.Deploy.0 = Release|Any CPU
		{C83DDFD0-43D4-4063-8951-228D52679626}.Release|iPhone.ActiveCfg = Release|Any CPU
		{C83DDFD0-43D4-4063-8951-228D52679626}.Release|iPhone.Build.0 = Release|Any CPU
		{C83DDFD0-43D4-4063-8951-228D52679626}.Release|iPhone.Deploy.0 = Release|Any CPU
		{C83DDFD0-43D4-4063-8951-228D52679626}.Release|iPhoneSimulator.ActiveCfg = Release|Any CPU
		{C83DDFD0-43D4-4063-8951-228D52679626}.Release|iPhoneSimulator.Build.0 = Release|Any CPU
		{C83DDFD0-43D4-4063-8951-228D52679626}.Release|iPhoneSimulator.Deploy.0 = Release|Any CPU
		{C83DDFD0-43D4-4063-8951-228D52679626}.Release|x64.ActiveCfg = Release|Any CPU
		{C83DDFD0-43D4-4063-8951-228D52679626}.Release|x64.Build.0 = Release|Any CPU
		{C83DDFD0-43D4-4063-8951-228D52679626}.Release|x64.Deploy.0 = Release|Any CPU
		{C83DDFD0-43D4-4063-8951-228D52679626}.Release|x86.ActiveCfg = Release|Any CPU
		{C83DDFD0-43D4-4063-8951-228D52679626}.Release|x86.Build.0 = Release|Any CPU
		{C83DDFD0-43D4-4063-8951-228D52679626}.Release|x86.Deploy.0 = Release|Any CPU
		{3BBEB37D-38EF-474C-9CB2-7D1556975544}.Debug|Any CPU.ActiveCfg = Debug|iPhoneSimulator
		{3BBEB37D-38EF-474C-9CB2-7D1556975544}.Debug|Any CPU.Build.0 = Debug|iPhoneSimulator
		{3BBEB37D-38EF-474C-9CB2-7D1556975544}.Debug|Any CPU.Deploy.0 = Debug|iPhoneSimulator
		{3BBEB37D-38EF-474C-9CB2-7D1556975544}.Debug|ARM.ActiveCfg = Debug|iPhone
		{3BBEB37D-38EF-474C-9CB2-7D1556975544}.Debug|ARM.Build.0 = Debug|iPhone
		{3BBEB37D-38EF-474C-9CB2-7D1556975544}.Debug|ARM.Deploy.0 = Debug|iPhone
		{3BBEB37D-38EF-474C-9CB2-7D1556975544}.Debug|iPhone.ActiveCfg = Debug|iPhone
		{3BBEB37D-38EF-474C-9CB2-7D1556975544}.Debug|iPhone.Build.0 = Debug|iPhone
		{3BBEB37D-38EF-474C-9CB2-7D1556975544}.Debug|iPhone.Deploy.0 = Debug|iPhone
		{3BBEB37D-38EF-474C-9CB2-7D1556975544}.Debug|iPhoneSimulator.ActiveCfg = Debug|iPhoneSimulator
		{3BBEB37D-38EF-474C-9CB2-7D1556975544}.Debug|iPhoneSimulator.Build.0 = Debug|iPhoneSimulator
		{3BBEB37D-38EF-474C-9CB2-7D1556975544}.Debug|iPhoneSimulator.Deploy.0 = Debug|iPhoneSimulator
		{3BBEB37D-38EF-474C-9CB2-7D1556975544}.Debug|x64.ActiveCfg = Debug|iPhoneSimulator
		{3BBEB37D-38EF-474C-9CB2-7D1556975544}.Debug|x64.Build.0 = Debug|iPhoneSimulator
		{3BBEB37D-38EF-474C-9CB2-7D1556975544}.Debug|x64.Deploy.0 = Debug|iPhoneSimulator
		{3BBEB37D-38EF-474C-9CB2-7D1556975544}.Debug|x86.ActiveCfg = Debug|iPhoneSimulator
		{3BBEB37D-38EF-474C-9CB2-7D1556975544}.Debug|x86.Build.0 = Debug|iPhoneSimulator
		{3BBEB37D-38EF-474C-9CB2-7D1556975544}.Debug|x86.Deploy.0 = Debug|iPhoneSimulator
		{3BBEB37D-38EF-474C-9CB2-7D1556975544}.Release|Any CPU.ActiveCfg = Release|iPhoneSimulator
		{3BBEB37D-38EF-474C-9CB2-7D1556975544}.Release|Any CPU.Build.0 = Release|iPhoneSimulator
		{3BBEB37D-38EF-474C-9CB2-7D1556975544}.Release|Any CPU.Deploy.0 = Release|iPhoneSimulator
		{3BBEB37D-38EF-474C-9CB2-7D1556975544}.Release|ARM.ActiveCfg = Release|iPhoneSimulator
		{3BBEB37D-38EF-474C-9CB2-7D1556975544}.Release|ARM.Build.0 = Release|iPhoneSimulator
		{3BBEB37D-38EF-474C-9CB2-7D1556975544}.Release|ARM.Deploy.0 = Release|iPhoneSimulator
		{3BBEB37D-38EF-474C-9CB2-7D1556975544}.Release|iPhone.ActiveCfg = Release|iPhone
		{3BBEB37D-38EF-474C-9CB2-7D1556975544}.Release|iPhone.Build.0 = Release|iPhone
		{3BBEB37D-38EF-474C-9CB2-7D1556975544}.Release|iPhone.Deploy.0 = Release|iPhone
		{3BBEB37D-38EF-474C-9CB2-7D1556975544}.Release|iPhoneSimulator.ActiveCfg = Release|iPhoneSimulator
		{3BBEB37D-38EF-474C-9CB2-7D1556975544}.Release|iPhoneSimulator.Build.0 = Release|iPhoneSimulator
		{3BBEB37D-38EF-474C-9CB2-7D1556975544}.Release|iPhoneSimulator.Deploy.0 = Release|iPhoneSimulator
		{3BBEB37D-38EF-474C-9CB2-7D1556975544}.Release|x64.ActiveCfg = Release|iPhoneSimulator
		{3BBEB37D-38EF-474C-9CB2-7D1556975544}.Release|x64.Build.0 = Release|iPhoneSimulator
		{3BBEB37D-38EF-474C-9CB2-7D1556975544}.Release|x64.Deploy.0 = Release|iPhoneSimulator
		{3BBEB37D-38EF-474C-9CB2-7D1556975544}.Release|x86.ActiveCfg = Release|iPhoneSimulator
		{3BBEB37D-38EF-474C-9CB2-7D1556975544}.Release|x86.Build.0 = Release|iPhoneSimulator
		{3BBEB37D-38EF-474C-9CB2-7D1556975544}.Release|x86.Deploy.0 = Release|iPhoneSimulator
		{81D1AFDE-DCAC-4599-AD8F-B87A69A589E6}.Debug|Any CPU.ActiveCfg = Debug|Any CPU
		{81D1AFDE-DCAC-4599-AD8F-B87A69A589E6}.Debug|Any CPU.Build.0 = Debug|Any CPU
		{81D1AFDE-DCAC-4599-AD8F-B87A69A589E6}.Debug|Any CPU.Deploy.0 = Debug|Any CPU
		{81D1AFDE-DCAC-4599-AD8F-B87A69A589E6}.Debug|ARM.ActiveCfg = Debug|Any CPU
		{81D1AFDE-DCAC-4599-AD8F-B87A69A589E6}.Debug|ARM.Build.0 = Debug|Any CPU
		{81D1AFDE-DCAC-4599-AD8F-B87A69A589E6}.Debug|ARM.Deploy.0 = Debug|Any CPU
		{81D1AFDE-DCAC-4599-AD8F-B87A69A589E6}.Debug|iPhone.ActiveCfg = Debug|Any CPU
		{81D1AFDE-DCAC-4599-AD8F-B87A69A589E6}.Debug|iPhone.Build.0 = Debug|Any CPU
		{81D1AFDE-DCAC-4599-AD8F-B87A69A589E6}.Debug|iPhone.Deploy.0 = Debug|Any CPU
		{81D1AFDE-DCAC-4599-AD8F-B87A69A589E6}.Debug|iPhoneSimulator.ActiveCfg = Debug|Any CPU
		{81D1AFDE-DCAC-4599-AD8F-B87A69A589E6}.Debug|iPhoneSimulator.Build.0 = Debug|Any CPU
		{81D1AFDE-DCAC-4599-AD8F-B87A69A589E6}.Debug|iPhoneSimulator.Deploy.0 = Debug|Any CPU
		{81D1AFDE-DCAC-4599-AD8F-B87A69A589E6}.Debug|x64.ActiveCfg = Debug|Any CPU
		{81D1AFDE-DCAC-4599-AD8F-B87A69A589E6}.Debug|x64.Build.0 = Debug|Any CPU
		{81D1AFDE-DCAC-4599-AD8F-B87A69A589E6}.Debug|x64.Deploy.0 = Debug|Any CPU
		{81D1AFDE-DCAC-4599-AD8F-B87A69A589E6}.Debug|x86.ActiveCfg = Debug|Any CPU
		{81D1AFDE-DCAC-4599-AD8F-B87A69A589E6}.Debug|x86.Build.0 = Debug|Any CPU
		{81D1AFDE-DCAC-4599-AD8F-B87A69A589E6}.Debug|x86.Deploy.0 = Debug|Any CPU
		{81D1AFDE-DCAC-4599-AD8F-B87A69A589E6}.Release|Any CPU.ActiveCfg = Release|Any CPU
		{81D1AFDE-DCAC-4599-AD8F-B87A69A589E6}.Release|Any CPU.Build.0 = Release|Any CPU
		{81D1AFDE-DCAC-4599-AD8F-B87A69A589E6}.Release|Any CPU.Deploy.0 = Release|Any CPU
		{81D1AFDE-DCAC-4599-AD8F-B87A69A589E6}.Release|ARM.ActiveCfg = Release|Any CPU
		{81D1AFDE-DCAC-4599-AD8F-B87A69A589E6}.Release|ARM.Build.0 = Release|Any CPU
		{81D1AFDE-DCAC-4599-AD8F-B87A69A589E6}.Release|ARM.Deploy.0 = Release|Any CPU
		{81D1AFDE-DCAC-4599-AD8F-B87A69A589E6}.Release|iPhone.ActiveCfg = Release|Any CPU
		{81D1AFDE-DCAC-4599-AD8F-B87A69A589E6}.Release|iPhone.Build.0 = Release|Any CPU
		{81D1AFDE-DCAC-4599-AD8F-B87A69A589E6}.Release|iPhone.Deploy.0 = Release|Any CPU
		{81D1AFDE-DCAC-4599-AD8F-B87A69A589E6}.Release|iPhoneSimulator.ActiveCfg = Release|Any CPU
		{81D1AFDE-DCAC-4599-AD8F-B87A69A589E6}.Release|iPhoneSimulator.Build.0 = Release|Any CPU
		{81D1AFDE-DCAC-4599-AD8F-B87A69A589E6}.Release|iPhoneSimulator.Deploy.0 = Release|Any CPU
		{81D1AFDE-DCAC-4599-AD8F-B87A69A589E6}.Release|x64.ActiveCfg = Release|Any CPU
		{81D1AFDE-DCAC-4599-AD8F-B87A69A589E6}.Release|x64.Build.0 = Release|Any CPU
		{81D1AFDE-DCAC-4599-AD8F-B87A69A589E6}.Release|x64.Deploy.0 = Release|Any CPU
		{81D1AFDE-DCAC-4599-AD8F-B87A69A589E6}.Release|x86.ActiveCfg = Release|Any CPU
		{81D1AFDE-DCAC-4599-AD8F-B87A69A589E6}.Release|x86.Build.0 = Release|Any CPU
		{81D1AFDE-DCAC-4599-AD8F-B87A69A589E6}.Release|x86.Deploy.0 = Release|Any CPU
	EndGlobalSection
	GlobalSection(SolutionProperties) = preSolution
		HideSolutionNode = FALSE
	EndGlobalSection
	GlobalSection(ExtensibilityGlobals) = postSolution
		SolutionGuid = {9EE68248-846F-49B5-A9A3-09CA9E48E602}
	EndGlobalSection
EndGlobal
